// !$*UTF8*$!
{
	archiveVersion = 1;
	classes = {
	};
	objectVersion = 46;
	objects = {

/* Begin PBXBuildFile section */
		08833CF21AC345F200A190C4 /* LoginStoryboard.storyboard in Resources */ = {isa = PBXBuildFile; fileRef = 08833CF11AC345F200A190C4 /* LoginStoryboard.storyboard */; };
		08833CF51AC346B300A190C4 /* CIOLoginViewController.m in Sources */ = {isa = PBXBuildFile; fileRef = 08833CF41AC346B300A190C4 /* CIOLoginViewController.m */; };
		08D097961AC1A1CF005E739D /* CIOAPIKeys.m in Sources */ = {isa = PBXBuildFile; fileRef = 08D097951AC1A1CF005E739D /* CIOAPIKeys.m */; };
		08D0979A1AC1B5C7005E739D /* CIOUserManager.m in Sources */ = {isa = PBXBuildFile; fileRef = 08D097991AC1B5C7005E739D /* CIOUserManager.m */; };
		08D0979D1AC1BA41005E739D /* CIODevice.m in Sources */ = {isa = PBXBuildFile; fileRef = 08D0979C1AC1BA41005E739D /* CIODevice.m */; };
		08D097A11AC1BBB6005E739D /* CIOParseConstants.m in Sources */ = {isa = PBXBuildFile; fileRef = 08D097A01AC1BBB6005E739D /* CIOParseConstants.m */; };
		08D097A51AC1F094005E739D /* CIOCheckoutPanelViewController.m in Sources */ = {isa = PBXBuildFile; fileRef = 08D097A41AC1F094005E739D /* CIOCheckoutPanelViewController.m */; };
		08D097A81AC1F0D5005E739D /* CheckoutPanelView.xib in Resources */ = {isa = PBXBuildFile; fileRef = 08D097A71AC1F0D5005E739D /* CheckoutPanelView.xib */; };
		213253B4D9404A3A91CA19F1 /* libPods-CheckItOut.a in Frameworks */ = {isa = PBXBuildFile; fileRef = B27EEFB0E53642AF91F8F6EA /* libPods-CheckItOut.a */; };
		8E14B18D1AC3B22100193B89 /* CIOSlackUserManager.m in Sources */ = {isa = PBXBuildFile; fileRef = 8E14B18B1AC3B22100193B89 /* CIOSlackUserManager.m */; };
		8E25D6E01AC100D9006AABB1 /* Foundation.framework in Frameworks */ = {isa = PBXBuildFile; fileRef = 8E25D6DF1AC100D9006AABB1 /* Foundation.framework */; };
		8E25D6E21AC100D9006AABB1 /* CoreGraphics.framework in Frameworks */ = {isa = PBXBuildFile; fileRef = 8E25D6E11AC100D9006AABB1 /* CoreGraphics.framework */; };
		8E25D6E41AC100D9006AABB1 /* UIKit.framework in Frameworks */ = {isa = PBXBuildFile; fileRef = 8E25D6E31AC100D9006AABB1 /* UIKit.framework */; };
		8E25D6EA1AC100D9006AABB1 /* InfoPlist.strings in Resources */ = {isa = PBXBuildFile; fileRef = 8E25D6E81AC100D9006AABB1 /* InfoPlist.strings */; };
		8E25D6EC1AC100D9006AABB1 /* main.m in Sources */ = {isa = PBXBuildFile; fileRef = 8E25D6EB1AC100D9006AABB1 /* main.m */; };
		8E25D6F01AC100D9006AABB1 /* AppDelegate.m in Sources */ = {isa = PBXBuildFile; fileRef = 8E25D6EF1AC100D9006AABB1 /* AppDelegate.m */; };
		8E25D6F31AC100DA006AABB1 /* Main_iPhone.storyboard in Resources */ = {isa = PBXBuildFile; fileRef = 8E25D6F11AC100DA006AABB1 /* Main_iPhone.storyboard */; };
		8E25D6F91AC100DA006AABB1 /* MainViewController.m in Sources */ = {isa = PBXBuildFile; fileRef = 8E25D6F81AC100DA006AABB1 /* MainViewController.m */; };
		8E25D6FB1AC100DA006AABB1 /* Images.xcassets in Resources */ = {isa = PBXBuildFile; fileRef = 8E25D6FA1AC100DA006AABB1 /* Images.xcassets */; };
		8E25D7021AC100DA006AABB1 /* XCTest.framework in Frameworks */ = {isa = PBXBuildFile; fileRef = 8E25D7011AC100DA006AABB1 /* XCTest.framework */; };
		8E25D7031AC100DA006AABB1 /* Foundation.framework in Frameworks */ = {isa = PBXBuildFile; fileRef = 8E25D6DF1AC100D9006AABB1 /* Foundation.framework */; };
		8E25D7041AC100DA006AABB1 /* UIKit.framework in Frameworks */ = {isa = PBXBuildFile; fileRef = 8E25D6E31AC100D9006AABB1 /* UIKit.framework */; };
		8E25D70C1AC100DA006AABB1 /* InfoPlist.strings in Resources */ = {isa = PBXBuildFile; fileRef = 8E25D70A1AC100DA006AABB1 /* InfoPlist.strings */; };
		8E25D70E1AC100DA006AABB1 /* CheckItOutTests.m in Sources */ = {isa = PBXBuildFile; fileRef = 8E25D70D1AC100DA006AABB1 /* CheckItOutTests.m */; };
		8E25D7191AC10220006AABB1 /* ScanViewController.m in Sources */ = {isa = PBXBuildFile; fileRef = 8E25D7181AC10220006AABB1 /* ScanViewController.m */; };
		8E25D71F1AC1070E006AABB1 /* ParseNetworkManager.m in Sources */ = {isa = PBXBuildFile; fileRef = 8E25D71E1AC1070E006AABB1 /* ParseNetworkManager.m */; };
		8E25D7221AC10905006AABB1 /* CIOURLFactory.m in Sources */ = {isa = PBXBuildFile; fileRef = 8E25D7211AC10905006AABB1 /* CIOURLFactory.m */; };
		8E25D7251AC10FF3006AABB1 /* CIOJSONRequestSerializer.m in Sources */ = {isa = PBXBuildFile; fileRef = 8E25D7241AC10FF3006AABB1 /* CIOJSONRequestSerializer.m */; };
		8E934C5E1AC250FE00A0CC68 /* CIOAvailableDevicesTableViewController.m in Sources */ = {isa = PBXBuildFile; fileRef = 8E934C5D1AC250FE00A0CC68 /* CIOAvailableDevicesTableViewController.m */; };
		8EDB61D71AC12AE700A9A0E6 /* NSDictionary+User.m in Sources */ = {isa = PBXBuildFile; fileRef = 8EDB61D61AC12AE700A9A0E6 /* NSDictionary+User.m */; };
		8EDB61DA1AC12AF500A9A0E6 /* CIOUser.m in Sources */ = {isa = PBXBuildFile; fileRef = 8EDB61D91AC12AF500A9A0E6 /* CIOUser.m */; };
/* End PBXBuildFile section */

/* Begin PBXContainerItemProxy section */
		8E25D7051AC100DA006AABB1 /* PBXContainerItemProxy */ = {
			isa = PBXContainerItemProxy;
			containerPortal = 8E25D6D41AC100D9006AABB1 /* Project object */;
			proxyType = 1;
			remoteGlobalIDString = 8E25D6DB1AC100D9006AABB1;
			remoteInfo = CheckItOut;
		};
/* End PBXContainerItemProxy section */

/* Begin PBXFileReference section */
		08833CF11AC345F200A190C4 /* LoginStoryboard.storyboard */ = {isa = PBXFileReference; fileEncoding = 4; lastKnownFileType = file.storyboard; path = LoginStoryboard.storyboard; sourceTree = "<group>"; };
		08833CF31AC346B300A190C4 /* CIOLoginViewController.h */ = {isa = PBXFileReference; fileEncoding = 4; lastKnownFileType = sourcecode.c.h; path = CIOLoginViewController.h; sourceTree = "<group>"; };
		08833CF41AC346B300A190C4 /* CIOLoginViewController.m */ = {isa = PBXFileReference; fileEncoding = 4; lastKnownFileType = sourcecode.c.objc; path = CIOLoginViewController.m; sourceTree = "<group>"; };
		08D097941AC1A1CF005E739D /* CIOAPIKeys.h */ = {isa = PBXFileReference; fileEncoding = 4; lastKnownFileType = sourcecode.c.h; path = CIOAPIKeys.h; sourceTree = "<group>"; };
		08D097951AC1A1CF005E739D /* CIOAPIKeys.m */ = {isa = PBXFileReference; fileEncoding = 4; lastKnownFileType = sourcecode.c.objc; path = CIOAPIKeys.m; sourceTree = "<group>"; };
		08D097981AC1B5C7005E739D /* CIOUserManager.h */ = {isa = PBXFileReference; fileEncoding = 4; lastKnownFileType = sourcecode.c.h; path = CIOUserManager.h; sourceTree = "<group>"; };
		08D097991AC1B5C7005E739D /* CIOUserManager.m */ = {isa = PBXFileReference; fileEncoding = 4; lastKnownFileType = sourcecode.c.objc; path = CIOUserManager.m; sourceTree = "<group>"; };
		08D0979B1AC1BA41005E739D /* CIODevice.h */ = {isa = PBXFileReference; fileEncoding = 4; lastKnownFileType = sourcecode.c.h; path = CIODevice.h; sourceTree = "<group>"; };
		08D0979C1AC1BA41005E739D /* CIODevice.m */ = {isa = PBXFileReference; fileEncoding = 4; lastKnownFileType = sourcecode.c.objc; path = CIODevice.m; sourceTree = "<group>"; };
		08D0979F1AC1BBB6005E739D /* CIOParseConstants.h */ = {isa = PBXFileReference; fileEncoding = 4; lastKnownFileType = sourcecode.c.h; path = CIOParseConstants.h; sourceTree = "<group>"; };
		08D097A01AC1BBB6005E739D /* CIOParseConstants.m */ = {isa = PBXFileReference; fileEncoding = 4; lastKnownFileType = sourcecode.c.objc; path = CIOParseConstants.m; sourceTree = "<group>"; };
		08D097A31AC1F094005E739D /* CIOCheckoutPanelViewController.h */ = {isa = PBXFileReference; fileEncoding = 4; lastKnownFileType = sourcecode.c.h; path = CIOCheckoutPanelViewController.h; sourceTree = "<group>"; };
		08D097A41AC1F094005E739D /* CIOCheckoutPanelViewController.m */ = {isa = PBXFileReference; fileEncoding = 4; lastKnownFileType = sourcecode.c.objc; path = CIOCheckoutPanelViewController.m; sourceTree = "<group>"; };
		08D097A71AC1F0D5005E739D /* CheckoutPanelView.xib */ = {isa = PBXFileReference; fileEncoding = 4; lastKnownFileType = file.xib; path = CheckoutPanelView.xib; sourceTree = "<group>"; };
		7C16D53B8F5CA8956200C47C /* Pods-CheckItOut.debug.xcconfig */ = {isa = PBXFileReference; includeInIndex = 1; lastKnownFileType = text.xcconfig; name = "Pods-CheckItOut.debug.xcconfig"; path = "Pods/Target Support Files/Pods-CheckItOut/Pods-CheckItOut.debug.xcconfig"; sourceTree = "<group>"; };
		8E14B18B1AC3B22100193B89 /* CIOSlackUserManager.m */ = {isa = PBXFileReference; fileEncoding = 4; lastKnownFileType = sourcecode.c.objc; path = CIOSlackUserManager.m; sourceTree = "<group>"; };
		8E14B18C1AC3B22100193B89 /* CIOSlackUserManager.h */ = {isa = PBXFileReference; fileEncoding = 4; lastKnownFileType = sourcecode.c.h; path = CIOSlackUserManager.h; sourceTree = "<group>"; };
		8E25D6DC1AC100D9006AABB1 /* CheckItOut.app */ = {isa = PBXFileReference; explicitFileType = wrapper.application; includeInIndex = 0; path = CheckItOut.app; sourceTree = BUILT_PRODUCTS_DIR; };
		8E25D6DF1AC100D9006AABB1 /* Foundation.framework */ = {isa = PBXFileReference; lastKnownFileType = wrapper.framework; name = Foundation.framework; path = System/Library/Frameworks/Foundation.framework; sourceTree = SDKROOT; };
		8E25D6E11AC100D9006AABB1 /* CoreGraphics.framework */ = {isa = PBXFileReference; lastKnownFileType = wrapper.framework; name = CoreGraphics.framework; path = System/Library/Frameworks/CoreGraphics.framework; sourceTree = SDKROOT; };
		8E25D6E31AC100D9006AABB1 /* UIKit.framework */ = {isa = PBXFileReference; lastKnownFileType = wrapper.framework; name = UIKit.framework; path = System/Library/Frameworks/UIKit.framework; sourceTree = SDKROOT; };
		8E25D6E71AC100D9006AABB1 /* CheckItOut-Info.plist */ = {isa = PBXFileReference; lastKnownFileType = text.plist.xml; path = "CheckItOut-Info.plist"; sourceTree = "<group>"; };
		8E25D6E91AC100D9006AABB1 /* en */ = {isa = PBXFileReference; lastKnownFileType = text.plist.strings; name = en; path = en.lproj/InfoPlist.strings; sourceTree = "<group>"; };
		8E25D6EB1AC100D9006AABB1 /* main.m */ = {isa = PBXFileReference; lastKnownFileType = sourcecode.c.objc; path = main.m; sourceTree = "<group>"; };
		8E25D6ED1AC100D9006AABB1 /* CheckItOut-Prefix.pch */ = {isa = PBXFileReference; lastKnownFileType = sourcecode.c.h; path = "CheckItOut-Prefix.pch"; sourceTree = "<group>"; };
		8E25D6EE1AC100D9006AABB1 /* AppDelegate.h */ = {isa = PBXFileReference; lastKnownFileType = sourcecode.c.h; path = AppDelegate.h; sourceTree = "<group>"; };
		8E25D6EF1AC100D9006AABB1 /* AppDelegate.m */ = {isa = PBXFileReference; lastKnownFileType = sourcecode.c.objc; path = AppDelegate.m; sourceTree = "<group>"; };
		8E25D6F21AC100DA006AABB1 /* Base */ = {isa = PBXFileReference; lastKnownFileType = file.storyboard; name = Base; path = Base.lproj/Main_iPhone.storyboard; sourceTree = "<group>"; };
		8E25D6F71AC100DA006AABB1 /* MainViewController.h */ = {isa = PBXFileReference; lastKnownFileType = sourcecode.c.h; path = MainViewController.h; sourceTree = "<group>"; };
		8E25D6F81AC100DA006AABB1 /* MainViewController.m */ = {isa = PBXFileReference; lastKnownFileType = sourcecode.c.objc; path = MainViewController.m; sourceTree = "<group>"; };
		8E25D6FA1AC100DA006AABB1 /* Images.xcassets */ = {isa = PBXFileReference; lastKnownFileType = folder.assetcatalog; path = Images.xcassets; sourceTree = "<group>"; };
		8E25D7001AC100DA006AABB1 /* CheckItOutTests.xctest */ = {isa = PBXFileReference; explicitFileType = wrapper.cfbundle; includeInIndex = 0; path = CheckItOutTests.xctest; sourceTree = BUILT_PRODUCTS_DIR; };
		8E25D7011AC100DA006AABB1 /* XCTest.framework */ = {isa = PBXFileReference; lastKnownFileType = wrapper.framework; name = XCTest.framework; path = Library/Frameworks/XCTest.framework; sourceTree = DEVELOPER_DIR; };
		8E25D7091AC100DA006AABB1 /* CheckItOutTests-Info.plist */ = {isa = PBXFileReference; lastKnownFileType = text.plist.xml; path = "CheckItOutTests-Info.plist"; sourceTree = "<group>"; };
		8E25D70B1AC100DA006AABB1 /* en */ = {isa = PBXFileReference; lastKnownFileType = text.plist.strings; name = en; path = en.lproj/InfoPlist.strings; sourceTree = "<group>"; };
		8E25D70D1AC100DA006AABB1 /* CheckItOutTests.m */ = {isa = PBXFileReference; lastKnownFileType = sourcecode.c.objc; path = CheckItOutTests.m; sourceTree = "<group>"; };
		8E25D7171AC10220006AABB1 /* ScanViewController.h */ = {isa = PBXFileReference; fileEncoding = 4; lastKnownFileType = sourcecode.c.h; path = ScanViewController.h; sourceTree = "<group>"; };
		8E25D7181AC10220006AABB1 /* ScanViewController.m */ = {isa = PBXFileReference; fileEncoding = 4; lastKnownFileType = sourcecode.c.objc; path = ScanViewController.m; sourceTree = "<group>"; };
		8E25D71D1AC1070E006AABB1 /* ParseNetworkManager.h */ = {isa = PBXFileReference; fileEncoding = 4; lastKnownFileType = sourcecode.c.h; path = ParseNetworkManager.h; sourceTree = "<group>"; };
		8E25D71E1AC1070E006AABB1 /* ParseNetworkManager.m */ = {isa = PBXFileReference; fileEncoding = 4; lastKnownFileType = sourcecode.c.objc; path = ParseNetworkManager.m; sourceTree = "<group>"; };
		8E25D7201AC10905006AABB1 /* CIOURLFactory.h */ = {isa = PBXFileReference; fileEncoding = 4; lastKnownFileType = sourcecode.c.h; path = CIOURLFactory.h; sourceTree = "<group>"; };
		8E25D7211AC10905006AABB1 /* CIOURLFactory.m */ = {isa = PBXFileReference; fileEncoding = 4; lastKnownFileType = sourcecode.c.objc; path = CIOURLFactory.m; sourceTree = "<group>"; };
		8E25D7231AC10FF3006AABB1 /* CIOJSONRequestSerializer.h */ = {isa = PBXFileReference; fileEncoding = 4; lastKnownFileType = sourcecode.c.h; path = CIOJSONRequestSerializer.h; sourceTree = "<group>"; };
		8E25D7241AC10FF3006AABB1 /* CIOJSONRequestSerializer.m */ = {isa = PBXFileReference; fileEncoding = 4; lastKnownFileType = sourcecode.c.objc; path = CIOJSONRequestSerializer.m; sourceTree = "<group>"; };
		8E934C5C1AC250FE00A0CC68 /* CIOAvailableDevicesTableViewController.h */ = {isa = PBXFileReference; fileEncoding = 4; lastKnownFileType = sourcecode.c.h; path = CIOAvailableDevicesTableViewController.h; sourceTree = "<group>"; };
		8E934C5D1AC250FE00A0CC68 /* CIOAvailableDevicesTableViewController.m */ = {isa = PBXFileReference; fileEncoding = 4; lastKnownFileType = sourcecode.c.objc; path = CIOAvailableDevicesTableViewController.m; sourceTree = "<group>"; };
		8EDB61D51AC12AE700A9A0E6 /* NSDictionary+User.h */ = {isa = PBXFileReference; fileEncoding = 4; lastKnownFileType = sourcecode.c.h; path = "NSDictionary+User.h"; sourceTree = "<group>"; };
		8EDB61D61AC12AE700A9A0E6 /* NSDictionary+User.m */ = {isa = PBXFileReference; fileEncoding = 4; lastKnownFileType = sourcecode.c.objc; path = "NSDictionary+User.m"; sourceTree = "<group>"; };
		8EDB61D81AC12AF500A9A0E6 /* CIOUser.h */ = {isa = PBXFileReference; fileEncoding = 4; lastKnownFileType = sourcecode.c.h; path = CIOUser.h; sourceTree = "<group>"; };
		8EDB61D91AC12AF500A9A0E6 /* CIOUser.m */ = {isa = PBXFileReference; fileEncoding = 4; lastKnownFileType = sourcecode.c.objc; path = CIOUser.m; sourceTree = "<group>"; };
		B27EEFB0E53642AF91F8F6EA /* libPods-CheckItOut.a */ = {isa = PBXFileReference; explicitFileType = archive.ar; includeInIndex = 0; path = "libPods-CheckItOut.a"; sourceTree = BUILT_PRODUCTS_DIR; };
		D3276DAC49DEDC90E35A46EC /* Pods-CheckItOut.release.xcconfig */ = {isa = PBXFileReference; includeInIndex = 1; lastKnownFileType = text.xcconfig; name = "Pods-CheckItOut.release.xcconfig"; path = "Pods/Target Support Files/Pods-CheckItOut/Pods-CheckItOut.release.xcconfig"; sourceTree = "<group>"; };
/* End PBXFileReference section */

/* Begin PBXFrameworksBuildPhase section */
		8E25D6D91AC100D9006AABB1 /* Frameworks */ = {
			isa = PBXFrameworksBuildPhase;
			buildActionMask = 2147483647;
			files = (
				8E25D6E21AC100D9006AABB1 /* CoreGraphics.framework in Frameworks */,
				8E25D6E41AC100D9006AABB1 /* UIKit.framework in Frameworks */,
				8E25D6E01AC100D9006AABB1 /* Foundation.framework in Frameworks */,
				213253B4D9404A3A91CA19F1 /* libPods-CheckItOut.a in Frameworks */,
			);
			runOnlyForDeploymentPostprocessing = 0;
		};
		8E25D6FD1AC100DA006AABB1 /* Frameworks */ = {
			isa = PBXFrameworksBuildPhase;
			buildActionMask = 2147483647;
			files = (
				8E25D7021AC100DA006AABB1 /* XCTest.framework in Frameworks */,
				8E25D7041AC100DA006AABB1 /* UIKit.framework in Frameworks */,
				8E25D7031AC100DA006AABB1 /* Foundation.framework in Frameworks */,
			);
			runOnlyForDeploymentPostprocessing = 0;
		};
/* End PBXFrameworksBuildPhase section */

/* Begin PBXGroup section */
		08D097971AC1B5B8005E739D /* Managers */ = {
			isa = PBXGroup;
			children = (
				8E14B18C1AC3B22100193B89 /* CIOSlackUserManager.h */,
				8E14B18B1AC3B22100193B89 /* CIOSlackUserManager.m */,
				08D097981AC1B5C7005E739D /* CIOUserManager.h */,
				08D097991AC1B5C7005E739D /* CIOUserManager.m */,
			);
			name = Managers;
			sourceTree = "<group>";
		};
		08D0979E1AC1BBA3005E739D /* Parse */ = {
			isa = PBXGroup;
			children = (
				08D0979F1AC1BBB6005E739D /* CIOParseConstants.h */,
				08D097A01AC1BBB6005E739D /* CIOParseConstants.m */,
			);
			name = Parse;
			sourceTree = "<group>";
		};
		08D097A21AC1F073005E739D /* Controllers */ = {
			isa = PBXGroup;
			children = (
				8E25D6F71AC100DA006AABB1 /* MainViewController.h */,
				8E25D6F81AC100DA006AABB1 /* MainViewController.m */,
				8E25D7171AC10220006AABB1 /* ScanViewController.h */,
				8E25D7181AC10220006AABB1 /* ScanViewController.m */,
				08D097A31AC1F094005E739D /* CIOCheckoutPanelViewController.h */,
				08D097A41AC1F094005E739D /* CIOCheckoutPanelViewController.m */,
				8E934C5C1AC250FE00A0CC68 /* CIOAvailableDevicesTableViewController.h */,
				8E934C5D1AC250FE00A0CC68 /* CIOAvailableDevicesTableViewController.m */,
				08833CF31AC346B300A190C4 /* CIOLoginViewController.h */,
				08833CF41AC346B300A190C4 /* CIOLoginViewController.m */,
			);
			name = Controllers;
			sourceTree = "<group>";
		};
		08D097A61AC1F0B6005E739D /* Storyboards */ = {
			isa = PBXGroup;
			children = (
				8E25D6F11AC100DA006AABB1 /* Main_iPhone.storyboard */,
				08D097A71AC1F0D5005E739D /* CheckoutPanelView.xib */,
				08833CF11AC345F200A190C4 /* LoginStoryboard.storyboard */,
			);
			name = Storyboards;
			sourceTree = "<group>";
		};
		4CF9E759749E4B0B10563099 /* Pods */ = {
			isa = PBXGroup;
			children = (
				7C16D53B8F5CA8956200C47C /* Pods-CheckItOut.debug.xcconfig */,
				D3276DAC49DEDC90E35A46EC /* Pods-CheckItOut.release.xcconfig */,
			);
			name = Pods;
			sourceTree = "<group>";
		};
		8E25D6D31AC100D9006AABB1 = {
			isa = PBXGroup;
			children = (
				8E25D6E51AC100D9006AABB1 /* CheckItOut */,
				8E25D7071AC100DA006AABB1 /* CheckItOutTests */,
				8E25D6DE1AC100D9006AABB1 /* Frameworks */,
				8E25D6DD1AC100D9006AABB1 /* Products */,
				4CF9E759749E4B0B10563099 /* Pods */,
			);
			sourceTree = "<group>";
		};
		8E25D6DD1AC100D9006AABB1 /* Products */ = {
			isa = PBXGroup;
			children = (
				8E25D6DC1AC100D9006AABB1 /* CheckItOut.app */,
				8E25D7001AC100DA006AABB1 /* CheckItOutTests.xctest */,
			);
			name = Products;
			sourceTree = "<group>";
		};
		8E25D6DE1AC100D9006AABB1 /* Frameworks */ = {
			isa = PBXGroup;
			children = (
				8E25D6DF1AC100D9006AABB1 /* Foundation.framework */,
				8E25D6E11AC100D9006AABB1 /* CoreGraphics.framework */,
				8E25D6E31AC100D9006AABB1 /* UIKit.framework */,
				8E25D7011AC100DA006AABB1 /* XCTest.framework */,
				B27EEFB0E53642AF91F8F6EA /* libPods-CheckItOut.a */,
			);
			name = Frameworks;
			sourceTree = "<group>";
		};
		8E25D6E51AC100D9006AABB1 /* CheckItOut */ = {
			isa = PBXGroup;
			children = (
				08D097A61AC1F0B6005E739D /* Storyboards */,
				08D097A21AC1F073005E739D /* Controllers */,
				08D097971AC1B5B8005E739D /* Managers */,
				8EDB61D41AC12AC000A9A0E6 /* Categories */,
				8EDB61D31AC12AB800A9A0E6 /* Models */,
				8E25D71C1AC106A8006AABB1 /* Network Managers */,
				8E25D6EE1AC100D9006AABB1 /* AppDelegate.h */,
				8E25D6EF1AC100D9006AABB1 /* AppDelegate.m */,
				8E25D6FA1AC100DA006AABB1 /* Images.xcassets */,
				8E25D6E61AC100D9006AABB1 /* Supporting Files */,
			);
			path = CheckItOut;
			sourceTree = "<group>";
		};
		8E25D6E61AC100D9006AABB1 /* Supporting Files */ = {
			isa = PBXGroup;
			children = (
				8E25D6E71AC100D9006AABB1 /* CheckItOut-Info.plist */,
				8E25D6E81AC100D9006AABB1 /* InfoPlist.strings */,
				8E25D6EB1AC100D9006AABB1 /* main.m */,
				8E25D6ED1AC100D9006AABB1 /* CheckItOut-Prefix.pch */,
				08D097941AC1A1CF005E739D /* CIOAPIKeys.h */,
				08D097951AC1A1CF005E739D /* CIOAPIKeys.m */,
			);
			name = "Supporting Files";
			sourceTree = "<group>";
		};
		8E25D7071AC100DA006AABB1 /* CheckItOutTests */ = {
			isa = PBXGroup;
			children = (
				8E25D70D1AC100DA006AABB1 /* CheckItOutTests.m */,
				8E25D7081AC100DA006AABB1 /* Supporting Files */,
			);
			path = CheckItOutTests;
			sourceTree = "<group>";
		};
		8E25D7081AC100DA006AABB1 /* Supporting Files */ = {
			isa = PBXGroup;
			children = (
				8E25D7091AC100DA006AABB1 /* CheckItOutTests-Info.plist */,
				8E25D70A1AC100DA006AABB1 /* InfoPlist.strings */,
			);
			name = "Supporting Files";
			sourceTree = "<group>";
		};
		8E25D71C1AC106A8006AABB1 /* Network Managers */ = {
			isa = PBXGroup;
			children = (
				08D0979E1AC1BBA3005E739D /* Parse */,
				8E25D71D1AC1070E006AABB1 /* ParseNetworkManager.h */,
				8E25D71E1AC1070E006AABB1 /* ParseNetworkManager.m */,
				8E25D7201AC10905006AABB1 /* CIOURLFactory.h */,
				8E25D7211AC10905006AABB1 /* CIOURLFactory.m */,
				8E25D7231AC10FF3006AABB1 /* CIOJSONRequestSerializer.h */,
				8E25D7241AC10FF3006AABB1 /* CIOJSONRequestSerializer.m */,
			);
			name = "Network Managers";
			sourceTree = "<group>";
		};
		8EDB61D31AC12AB800A9A0E6 /* Models */ = {
			isa = PBXGroup;
			children = (
				8EDB61D81AC12AF500A9A0E6 /* CIOUser.h */,
				8EDB61D91AC12AF500A9A0E6 /* CIOUser.m */,
				08D0979B1AC1BA41005E739D /* CIODevice.h */,
				08D0979C1AC1BA41005E739D /* CIODevice.m */,
			);
			name = Models;
			sourceTree = "<group>";
		};
		8EDB61D41AC12AC000A9A0E6 /* Categories */ = {
			isa = PBXGroup;
			children = (
				8EDB61D51AC12AE700A9A0E6 /* NSDictionary+User.h */,
				8EDB61D61AC12AE700A9A0E6 /* NSDictionary+User.m */,
			);
			name = Categories;
			sourceTree = "<group>";
		};
/* End PBXGroup section */

/* Begin PBXNativeTarget section */
		8E25D6DB1AC100D9006AABB1 /* CheckItOut */ = {
			isa = PBXNativeTarget;
			buildConfigurationList = 8E25D7111AC100DA006AABB1 /* Build configuration list for PBXNativeTarget "CheckItOut" */;
			buildPhases = (
				36A7576B773646E48A0CBAB1 /* Check Pods Manifest.lock */,
				8E25D6D81AC100D9006AABB1 /* Sources */,
				8E25D6D91AC100D9006AABB1 /* Frameworks */,
				8E25D6DA1AC100D9006AABB1 /* Resources */,
				6127BBFEB765455783FBB83C /* Copy Pods Resources */,
			);
			buildRules = (
			);
			dependencies = (
			);
			name = CheckItOut;
			productName = CheckItOut;
			productReference = 8E25D6DC1AC100D9006AABB1 /* CheckItOut.app */;
			productType = "com.apple.product-type.application";
		};
		8E25D6FF1AC100DA006AABB1 /* CheckItOutTests */ = {
			isa = PBXNativeTarget;
			buildConfigurationList = 8E25D7141AC100DA006AABB1 /* Build configuration list for PBXNativeTarget "CheckItOutTests" */;
			buildPhases = (
				8E25D6FC1AC100DA006AABB1 /* Sources */,
				8E25D6FD1AC100DA006AABB1 /* Frameworks */,
				8E25D6FE1AC100DA006AABB1 /* Resources */,
			);
			buildRules = (
			);
			dependencies = (
				8E25D7061AC100DA006AABB1 /* PBXTargetDependency */,
			);
			name = CheckItOutTests;
			productName = CheckItOutTests;
			productReference = 8E25D7001AC100DA006AABB1 /* CheckItOutTests.xctest */;
			productType = "com.apple.product-type.bundle.unit-test";
		};
/* End PBXNativeTarget section */

/* Begin PBXProject section */
		8E25D6D41AC100D9006AABB1 /* Project object */ = {
			isa = PBXProject;
			attributes = {
				CLASSPREFIX = CIO;
				LastUpgradeCheck = 0510;
				ORGANIZATIONNAME = "Assorted Intelligence";
				TargetAttributes = {
					8E25D6DB1AC100D9006AABB1 = {
						DevelopmentTeam = GS86NCENM6;
					};
					8E25D6FF1AC100DA006AABB1 = {
						TestTargetID = 8E25D6DB1AC100D9006AABB1;
					};
				};
			};
			buildConfigurationList = 8E25D6D71AC100D9006AABB1 /* Build configuration list for PBXProject "CheckItOut" */;
			compatibilityVersion = "Xcode 3.2";
			developmentRegion = English;
			hasScannedForEncodings = 0;
			knownRegions = (
				en,
				Base,
			);
			mainGroup = 8E25D6D31AC100D9006AABB1;
			productRefGroup = 8E25D6DD1AC100D9006AABB1 /* Products */;
			projectDirPath = "";
			projectRoot = "";
			targets = (
				8E25D6DB1AC100D9006AABB1 /* CheckItOut */,
				8E25D6FF1AC100DA006AABB1 /* CheckItOutTests */,
			);
		};
/* End PBXProject section */

/* Begin PBXResourcesBuildPhase section */
		8E25D6DA1AC100D9006AABB1 /* Resources */ = {
			isa = PBXResourcesBuildPhase;
			buildActionMask = 2147483647;
			files = (
				8E25D6FB1AC100DA006AABB1 /* Images.xcassets in Resources */,
				08833CF21AC345F200A190C4 /* LoginStoryboard.storyboard in Resources */,
				8E25D6F31AC100DA006AABB1 /* Main_iPhone.storyboard in Resources */,
				8E25D6EA1AC100D9006AABB1 /* InfoPlist.strings in Resources */,
				08D097A81AC1F0D5005E739D /* CheckoutPanelView.xib in Resources */,
			);
			runOnlyForDeploymentPostprocessing = 0;
		};
		8E25D6FE1AC100DA006AABB1 /* Resources */ = {
			isa = PBXResourcesBuildPhase;
			buildActionMask = 2147483647;
			files = (
				8E25D70C1AC100DA006AABB1 /* InfoPlist.strings in Resources */,
			);
			runOnlyForDeploymentPostprocessing = 0;
		};
/* End PBXResourcesBuildPhase section */

/* Begin PBXShellScriptBuildPhase section */
		36A7576B773646E48A0CBAB1 /* Check Pods Manifest.lock */ = {
			isa = PBXShellScriptBuildPhase;
			buildActionMask = 2147483647;
			files = (
			);
			inputPaths = (
			);
			name = "Check Pods Manifest.lock";
			outputPaths = (
			);
			runOnlyForDeploymentPostprocessing = 0;
			shellPath = /bin/sh;
			shellScript = "diff \"${PODS_ROOT}/../Podfile.lock\" \"${PODS_ROOT}/Manifest.lock\" > /dev/null\nif [[ $? != 0 ]] ; then\n    cat << EOM\nerror: The sandbox is not in sync with the Podfile.lock. Run 'pod install' or update your CocoaPods installation.\nEOM\n    exit 1\nfi\n";
			showEnvVarsInLog = 0;
		};
		6127BBFEB765455783FBB83C /* Copy Pods Resources */ = {
			isa = PBXShellScriptBuildPhase;
			buildActionMask = 2147483647;
			files = (
			);
			inputPaths = (
			);
			name = "Copy Pods Resources";
			outputPaths = (
			);
			runOnlyForDeploymentPostprocessing = 0;
			shellPath = /bin/sh;
			shellScript = "\"${SRCROOT}/Pods/Target Support Files/Pods-CheckItOut/Pods-CheckItOut-resources.sh\"\n";
			showEnvVarsInLog = 0;
		};
/* End PBXShellScriptBuildPhase section */

/* Begin PBXSourcesBuildPhase section */
		8E25D6D81AC100D9006AABB1 /* Sources */ = {
			isa = PBXSourcesBuildPhase;
			buildActionMask = 2147483647;
			files = (
				08D097A51AC1F094005E739D /* CIOCheckoutPanelViewController.m in Sources */,
				08D097961AC1A1CF005E739D /* CIOAPIKeys.m in Sources */,
				8E14B18D1AC3B22100193B89 /* CIOSlackUserManager.m in Sources */,
				08D0979D1AC1BA41005E739D /* CIODevice.m in Sources */,
				8E25D6F91AC100DA006AABB1 /* MainViewController.m in Sources */,
				8E25D6F01AC100D9006AABB1 /* AppDelegate.m in Sources */,
				8E25D7221AC10905006AABB1 /* CIOURLFactory.m in Sources */,
				08833CF51AC346B300A190C4 /* CIOLoginViewController.m in Sources */,
				8E25D6EC1AC100D9006AABB1 /* main.m in Sources */,
				8E934C5E1AC250FE00A0CC68 /* CIOAvailableDevicesTableViewController.m in Sources */,
				8E25D7251AC10FF3006AABB1 /* CIOJSONRequestSerializer.m in Sources */,
				08D0979A1AC1B5C7005E739D /* CIOUserManager.m in Sources */,
				08D097A11AC1BBB6005E739D /* CIOParseConstants.m in Sources */,
				8EDB61DA1AC12AF500A9A0E6 /* CIOUser.m in Sources */,
				8E25D7191AC10220006AABB1 /* ScanViewController.m in Sources */,
				8E25D71F1AC1070E006AABB1 /* ParseNetworkManager.m in Sources */,
				8EDB61D71AC12AE700A9A0E6 /* NSDictionary+User.m in Sources */,
			);
			runOnlyForDeploymentPostprocessing = 0;
		};
		8E25D6FC1AC100DA006AABB1 /* Sources */ = {
			isa = PBXSourcesBuildPhase;
			buildActionMask = 2147483647;
			files = (
				8E25D70E1AC100DA006AABB1 /* CheckItOutTests.m in Sources */,
			);
			runOnlyForDeploymentPostprocessing = 0;
		};
/* End PBXSourcesBuildPhase section */

/* Begin PBXTargetDependency section */
		8E25D7061AC100DA006AABB1 /* PBXTargetDependency */ = {
			isa = PBXTargetDependency;
			target = 8E25D6DB1AC100D9006AABB1 /* CheckItOut */;
			targetProxy = 8E25D7051AC100DA006AABB1 /* PBXContainerItemProxy */;
		};
/* End PBXTargetDependency section */

/* Begin PBXVariantGroup section */
		8E25D6E81AC100D9006AABB1 /* InfoPlist.strings */ = {
			isa = PBXVariantGroup;
			children = (
				8E25D6E91AC100D9006AABB1 /* en */,
			);
			name = InfoPlist.strings;
			sourceTree = "<group>";
		};
		8E25D6F11AC100DA006AABB1 /* Main_iPhone.storyboard */ = {
			isa = PBXVariantGroup;
			children = (
				8E25D6F21AC100DA006AABB1 /* Base */,
			);
			name = Main_iPhone.storyboard;
			sourceTree = "<group>";
		};
		8E25D70A1AC100DA006AABB1 /* InfoPlist.strings */ = {
			isa = PBXVariantGroup;
			children = (
				8E25D70B1AC100DA006AABB1 /* en */,
			);
			name = InfoPlist.strings;
			sourceTree = "<group>";
		};
/* End PBXVariantGroup section */

/* Begin XCBuildConfiguration section */
		8E25D70F1AC100DA006AABB1 /* Debug */ = {
			isa = XCBuildConfiguration;
			buildSettings = {
				ALWAYS_SEARCH_USER_PATHS = NO;
				CLANG_CXX_LANGUAGE_STANDARD = "gnu++0x";
				CLANG_CXX_LIBRARY = "libc++";
				CLANG_ENABLE_MODULES = YES;
				CLANG_ENABLE_OBJC_ARC = YES;
				CLANG_WARN_BOOL_CONVERSION = YES;
				CLANG_WARN_CONSTANT_CONVERSION = YES;
				CLANG_WARN_DIRECT_OBJC_ISA_USAGE = YES_ERROR;
				CLANG_WARN_EMPTY_BODY = YES;
				CLANG_WARN_ENUM_CONVERSION = YES;
				CLANG_WARN_INT_CONVERSION = YES;
				CLANG_WARN_OBJC_ROOT_CLASS = YES_ERROR;
				CLANG_WARN__DUPLICATE_METHOD_MATCH = YES;
				"CODE_SIGN_IDENTITY[sdk=iphoneos*]" = "iPhone Developer";
				COPY_PHASE_STRIP = NO;
				GCC_C_LANGUAGE_STANDARD = gnu99;
				GCC_DYNAMIC_NO_PIC = NO;
				GCC_OPTIMIZATION_LEVEL = 0;
				GCC_PREPROCESSOR_DEFINITIONS = (
					"DEBUG=1",
					"$(inherited)",
				);
				GCC_SYMBOLS_PRIVATE_EXTERN = NO;
				GCC_WARN_64_TO_32_BIT_CONVERSION = YES;
				GCC_WARN_ABOUT_RETURN_TYPE = YES_ERROR;
				GCC_WARN_UNDECLARED_SELECTOR = YES;
				GCC_WARN_UNINITIALIZED_AUTOS = YES_AGGRESSIVE;
				GCC_WARN_UNUSED_FUNCTION = YES;
				GCC_WARN_UNUSED_VARIABLE = YES;
				IPHONEOS_DEPLOYMENT_TARGET = 7.1;
				ONLY_ACTIVE_ARCH = YES;
				SDKROOT = iphoneos;
				TARGETED_DEVICE_FAMILY = "1,2";
			};
			name = Debug;
		};
		8E25D7101AC100DA006AABB1 /* Release */ = {
			isa = XCBuildConfiguration;
			buildSettings = {
				ALWAYS_SEARCH_USER_PATHS = NO;
				CLANG_CXX_LANGUAGE_STANDARD = "gnu++0x";
				CLANG_CXX_LIBRARY = "libc++";
				CLANG_ENABLE_MODULES = YES;
				CLANG_ENABLE_OBJC_ARC = YES;
				CLANG_WARN_BOOL_CONVERSION = YES;
				CLANG_WARN_CONSTANT_CONVERSION = YES;
				CLANG_WARN_DIRECT_OBJC_ISA_USAGE = YES_ERROR;
				CLANG_WARN_EMPTY_BODY = YES;
				CLANG_WARN_ENUM_CONVERSION = YES;
				CLANG_WARN_INT_CONVERSION = YES;
				CLANG_WARN_OBJC_ROOT_CLASS = YES_ERROR;
				CLANG_WARN__DUPLICATE_METHOD_MATCH = YES;
				"CODE_SIGN_IDENTITY[sdk=iphoneos*]" = "iPhone Developer";
				COPY_PHASE_STRIP = YES;
				ENABLE_NS_ASSERTIONS = NO;
				GCC_C_LANGUAGE_STANDARD = gnu99;
				GCC_WARN_64_TO_32_BIT_CONVERSION = YES;
				GCC_WARN_ABOUT_RETURN_TYPE = YES_ERROR;
				GCC_WARN_UNDECLARED_SELECTOR = YES;
				GCC_WARN_UNINITIALIZED_AUTOS = YES_AGGRESSIVE;
				GCC_WARN_UNUSED_FUNCTION = YES;
				GCC_WARN_UNUSED_VARIABLE = YES;
				IPHONEOS_DEPLOYMENT_TARGET = 7.1;
				SDKROOT = iphoneos;
				TARGETED_DEVICE_FAMILY = "1,2";
				VALIDATE_PRODUCT = YES;
			};
			name = Release;
		};
		8E25D7121AC100DA006AABB1 /* Debug */ = {
			isa = XCBuildConfiguration;
			baseConfigurationReference = 7C16D53B8F5CA8956200C47C /* Pods-CheckItOut.debug.xcconfig */;
			buildSettings = {
				ASSETCATALOG_COMPILER_APPICON_NAME = AppIcon;
				ASSETCATALOG_COMPILER_LAUNCHIMAGE_NAME = LaunchImage;
				GCC_PRECOMPILE_PREFIX_HEADER = YES;
				GCC_PREFIX_HEADER = "CheckItOut/CheckItOut-Prefix.pch";
				INFOPLIST_FILE = "CheckItOut/CheckItOut-Info.plist";
				PRODUCT_NAME = "$(TARGET_NAME)";
				WRAPPER_EXTENSION = app;
			};
			name = Debug;
		};
		8E25D7131AC100DA006AABB1 /* Release */ = {
			isa = XCBuildConfiguration;
			baseConfigurationReference = D3276DAC49DEDC90E35A46EC /* Pods-CheckItOut.release.xcconfig */;
			buildSettings = {
				ASSETCATALOG_COMPILER_APPICON_NAME = AppIcon;
				ASSETCATALOG_COMPILER_LAUNCHIMAGE_NAME = LaunchImage;
				GCC_PRECOMPILE_PREFIX_HEADER = YES;
				GCC_PREFIX_HEADER = "CheckItOut/CheckItOut-Prefix.pch";
				INFOPLIST_FILE = "CheckItOut/CheckItOut-Info.plist";
				PRODUCT_NAME = "$(TARGET_NAME)";
				WRAPPER_EXTENSION = app;
			};
			name = Release;
		};
		8E25D7151AC100DA006AABB1 /* Debug */ = {
			isa = XCBuildConfiguration;
			buildSettings = {
				BUNDLE_LOADER = "$(BUILT_PRODUCTS_DIR)/CheckItOut.app/CheckItOut";
				FRAMEWORK_SEARCH_PATHS = (
					"$(SDKROOT)/Developer/Library/Frameworks",
					"$(inherited)",
					"$(DEVELOPER_FRAMEWORKS_DIR)",
				);
				GCC_PRECOMPILE_PREFIX_HEADER = YES;
				GCC_PREFIX_HEADER = "CheckItOut/CheckItOut-Prefix.pch";
				GCC_PREPROCESSOR_DEFINITIONS = (
					"DEBUG=1",
					"$(inherited)",
				);
				INFOPLIST_FILE = "CheckItOutTests/CheckItOutTests-Info.plist";
				PRODUCT_NAME = "$(TARGET_NAME)";
				TEST_HOST = "$(BUNDLE_LOADER)";
				WRAPPER_EXTENSION = xctest;
			};
			name = Debug;
		};
		8E25D7161AC100DA006AABB1 /* Release */ = {
			isa = XCBuildConfiguration;
			buildSettings = {
				BUNDLE_LOADER = "$(BUILT_PRODUCTS_DIR)/CheckItOut.app/CheckItOut";
				FRAMEWORK_SEARCH_PATHS = (
					"$(SDKROOT)/Developer/Library/Frameworks",
					"$(inherited)",
					"$(DEVELOPER_FRAMEWORKS_DIR)",
				);
				GCC_PRECOMPILE_PREFIX_HEADER = YES;
				GCC_PREFIX_HEADER = "CheckItOut/CheckItOut-Prefix.pch";
				INFOPLIST_FILE = "CheckItOutTests/CheckItOutTests-Info.plist";
				PRODUCT_NAME = "$(TARGET_NAME)";
				TEST_HOST = "$(BUNDLE_LOADER)";
				WRAPPER_EXTENSION = xctest;
			};
			name = Release;
		};
/* End XCBuildConfiguration section */

/* Begin XCConfigurationList section */
		8E25D6D71AC100D9006AABB1 /* Build configuration list for PBXProject "CheckItOut" */ = {
			isa = XCConfigurationList;
			buildConfigurations = (
				8E25D70F1AC100DA006AABB1 /* Debug */,
				8E25D7101AC100DA006AABB1 /* Release */,
			);
			defaultConfigurationIsVisible = 0;
			defaultConfigurationName = Release;
		};
		8E25D7111AC100DA006AABB1 /* Build configuration list for PBXNativeTarget "CheckItOut" */ = {
			isa = XCConfigurationList;
			buildConfigurations = (
				8E25D7121AC100DA006AABB1 /* Debug */,
				8E25D7131AC100DA006AABB1 /* Release */,
			);
			defaultConfigurationIsVisible = 0;
			defaultConfigurationName = Release;
		};
		8E25D7141AC100DA006AABB1 /* Build configuration list for PBXNativeTarget "CheckItOutTests" */ = {
			isa = XCConfigurationList;
			buildConfigurations = (
				8E25D7151AC100DA006AABB1 /* Debug */,
				8E25D7161AC100DA006AABB1 /* Release */,
			);
			defaultConfigurationIsVisible = 0;
			defaultConfigurationName = Release;
		};
/* End XCConfigurationList section */
	};
	rootObject = 8E25D6D41AC100D9006AABB1 /* Project object */;
}
