// !$*UTF8*$!
{
	archiveVersion = 1;
	classes = {
	};
	objectVersion = 46;
	objects = {

/* Begin PBXBuildFile section */
		8E25D6E01AC100D9006AABB1 /* Foundation.framework in Frameworks */ = {isa = PBXBuildFile; fileRef = 8E25D6DF1AC100D9006AABB1 /* Foundation.framework */; };
		8E25D6E21AC100D9006AABB1 /* CoreGraphics.framework in Frameworks */ = {isa = PBXBuildFile; fileRef = 8E25D6E11AC100D9006AABB1 /* CoreGraphics.framework */; };
		8E25D6E41AC100D9006AABB1 /* UIKit.framework in Frameworks */ = {isa = PBXBuildFile; fileRef = 8E25D6E31AC100D9006AABB1 /* UIKit.framework */; };
		8E25D6EA1AC100D9006AABB1 /* InfoPlist.strings in Resources */ = {isa = PBXBuildFile; fileRef = 8E25D6E81AC100D9006AABB1 /* InfoPlist.strings */; };
		8E25D6EC1AC100D9006AABB1 /* main.m in Sources */ = {isa = PBXBuildFile; fileRef = 8E25D6EB1AC100D9006AABB1 /* main.m */; };
		8E25D6F01AC100D9006AABB1 /* AppDelegate.m in Sources */ = {isa = PBXBuildFile; fileRef = 8E25D6EF1AC100D9006AABB1 /* AppDelegate.m */; };
		8E25D6F31AC100DA006AABB1 /* Main_iPhone.storyboard in Resources */ = {isa = PBXBuildFile; fileRef = 8E25D6F11AC100DA006AABB1 /* Main_iPhone.storyboard */; };
		8E25D6F61AC100DA006AABB1 /* Main_iPad.storyboard in Resources */ = {isa = PBXBuildFile; fileRef = 8E25D6F41AC100DA006AABB1 /* Main_iPad.storyboard */; };
		8E25D6F91AC100DA006AABB1 /* ViewController.m in Sources */ = {isa = PBXBuildFile; fileRef = 8E25D6F81AC100DA006AABB1 /* ViewController.m */; };
		8E25D6FB1AC100DA006AABB1 /* Images.xcassets in Resources */ = {isa = PBXBuildFile; fileRef = 8E25D6FA1AC100DA006AABB1 /* Images.xcassets */; };
		8E25D7021AC100DA006AABB1 /* XCTest.framework in Frameworks */ = {isa = PBXBuildFile; fileRef = 8E25D7011AC100DA006AABB1 /* XCTest.framework */; };
		8E25D7031AC100DA006AABB1 /* Foundation.framework in Frameworks */ = {isa = PBXBuildFile; fileRef = 8E25D6DF1AC100D9006AABB1 /* Foundation.framework */; };
		8E25D7041AC100DA006AABB1 /* UIKit.framework in Frameworks */ = {isa = PBXBuildFile; fileRef = 8E25D6E31AC100D9006AABB1 /* UIKit.framework */; };
		8E25D70C1AC100DA006AABB1 /* InfoPlist.strings in Resources */ = {isa = PBXBuildFile; fileRef = 8E25D70A1AC100DA006AABB1 /* InfoPlist.strings */; };
		8E25D70E1AC100DA006AABB1 /* CheckItOutTests.m in Sources */ = {isa = PBXBuildFile; fileRef = 8E25D70D1AC100DA006AABB1 /* CheckItOutTests.m */; };
/* End PBXBuildFile section */

/* Begin PBXContainerItemProxy section */
		8E25D7051AC100DA006AABB1 /* PBXContainerItemProxy */ = {
			isa = PBXContainerItemProxy;
			containerPortal = 8E25D6D41AC100D9006AABB1 /* Project object */;
			proxyType = 1;
			remoteGlobalIDString = 8E25D6DB1AC100D9006AABB1;
			remoteInfo = CheckItOut;
		};
/* End PBXContainerItemProxy section */

/* Begin PBXFileReference section */
		8E25D6DC1AC100D9006AABB1 /* CheckItOut.app */ = {isa = PBXFileReference; explicitFileType = wrapper.application; includeInIndex = 0; path = CheckItOut.app; sourceTree = BUILT_PRODUCTS_DIR; };
		8E25D6DF1AC100D9006AABB1 /* Foundation.framework */ = {isa = PBXFileReference; lastKnownFileType = wrapper.framework; name = Foundation.framework; path = System/Library/Frameworks/Foundation.framework; sourceTree = SDKROOT; };
		8E25D6E11AC100D9006AABB1 /* CoreGraphics.framework */ = {isa = PBXFileReference; lastKnownFileType = wrapper.framework; name = CoreGraphics.framework; path = System/Library/Frameworks/CoreGraphics.framework; sourceTree = SDKROOT; };
		8E25D6E31AC100D9006AABB1 /* UIKit.framework */ = {isa = PBXFileReference; lastKnownFileType = wrapper.framework; name = UIKit.framework; path = System/Library/Frameworks/UIKit.framework; sourceTree = SDKROOT; };
		8E25D6E71AC100D9006AABB1 /* CheckItOut-Info.plist */ = {isa = PBXFileReference; lastKnownFileType = text.plist.xml; path = "CheckItOut-Info.plist"; sourceTree = "<group>"; };
		8E25D6E91AC100D9006AABB1 /* en */ = {isa = PBXFileReference; lastKnownFileType = text.plist.strings; name = en; path = en.lproj/InfoPlist.strings; sourceTree = "<group>"; };
		8E25D6EB1AC100D9006AABB1 /* main.m */ = {isa = PBXFileReference; lastKnownFileType = sourcecode.c.objc; path = main.m; sourceTree = "<group>"; };
		8E25D6ED1AC100D9006AABB1 /* CheckItOut-Prefix.pch */ = {isa = PBXFileReference; lastKnownFileType = sourcecode.c.h; path = "CheckItOut-Prefix.pch"; sourceTree = "<group>"; };
		8E25D6EE1AC100D9006AABB1 /* AppDelegate.h */ = {isa = PBXFileReference; lastKnownFileType = sourcecode.c.h; path = AppDelegate.h; sourceTree = "<group>"; };
		8E25D6EF1AC100D9006AABB1 /* AppDelegate.m */ = {isa = PBXFileReference; lastKnownFileType = sourcecode.c.objc; path = AppDelegate.m; sourceTree = "<group>"; };
		8E25D6F21AC100DA006AABB1 /* Base */ = {isa = PBXFileReference; lastKnownFileType = file.storyboard; name = Base; path = Base.lproj/Main_iPhone.storyboard; sourceTree = "<group>"; };
		8E25D6F51AC100DA006AABB1 /* Base */ = {isa = PBXFileReference; lastKnownFileType = file.storyboard; name = Base; path = Base.lproj/Main_iPad.storyboard; sourceTree = "<group>"; };
		8E25D6F71AC100DA006AABB1 /* ViewController.h */ = {isa = PBXFileReference; lastKnownFileType = sourcecode.c.h; path = ViewController.h; sourceTree = "<group>"; };
		8E25D6F81AC100DA006AABB1 /* ViewController.m */ = {isa = PBXFileReference; lastKnownFileType = sourcecode.c.objc; path = ViewController.m; sourceTree = "<group>"; };
		8E25D6FA1AC100DA006AABB1 /* Images.xcassets */ = {isa = PBXFileReference; lastKnownFileType = folder.assetcatalog; path = Images.xcassets; sourceTree = "<group>"; };
		8E25D7001AC100DA006AABB1 /* CheckItOutTests.xctest */ = {isa = PBXFileReference; explicitFileType = wrapper.cfbundle; includeInIndex = 0; path = CheckItOutTests.xctest; sourceTree = BUILT_PRODUCTS_DIR; };
		8E25D7011AC100DA006AABB1 /* XCTest.framework */ = {isa = PBXFileReference; lastKnownFileType = wrapper.framework; name = XCTest.framework; path = Library/Frameworks/XCTest.framework; sourceTree = DEVELOPER_DIR; };
		8E25D7091AC100DA006AABB1 /* CheckItOutTests-Info.plist */ = {isa = PBXFileReference; lastKnownFileType = text.plist.xml; path = "CheckItOutTests-Info.plist"; sourceTree = "<group>"; };
		8E25D70B1AC100DA006AABB1 /* en */ = {isa = PBXFileReference; lastKnownFileType = text.plist.strings; name = en; path = en.lproj/InfoPlist.strings; sourceTree = "<group>"; };
		8E25D70D1AC100DA006AABB1 /* CheckItOutTests.m */ = {isa = PBXFileReference; lastKnownFileType = sourcecode.c.objc; path = CheckItOutTests.m; sourceTree = "<group>"; };
/* End PBXFileReference section */

/* Begin PBXFrameworksBuildPhase section */
		8E25D6D91AC100D9006AABB1 /* Frameworks */ = {
			isa = PBXFrameworksBuildPhase;
			buildActionMask = 2147483647;
			files = (
				8E25D6E21AC100D9006AABB1 /* CoreGraphics.framework in Frameworks */,
				8E25D6E41AC100D9006AABB1 /* UIKit.framework in Frameworks */,
				8E25D6E01AC100D9006AABB1 /* Foundation.framework in Frameworks */,
			);
			runOnlyForDeploymentPostprocessing = 0;
		};
		8E25D6FD1AC100DA006AABB1 /* Frameworks */ = {
			isa = PBXFrameworksBuildPhase;
			buildActionMask = 2147483647;
			files = (
				8E25D7021AC100DA006AABB1 /* XCTest.framework in Frameworks */,
				8E25D7041AC100DA006AABB1 /* UIKit.framework in Frameworks */,
				8E25D7031AC100DA006AABB1 /* Foundation.framework in Frameworks */,
			);
			runOnlyForDeploymentPostprocessing = 0;
		};
/* End PBXFrameworksBuildPhase section */

/* Begin PBXGroup section */
		8E25D6D31AC100D9006AABB1 = {
			isa = PBXGroup;
			children = (
				8E25D6E51AC100D9006AABB1 /* CheckItOut */,
				8E25D7071AC100DA006AABB1 /* CheckItOutTests */,
				8E25D6DE1AC100D9006AABB1 /* Frameworks */,
				8E25D6DD1AC100D9006AABB1 /* Products */,
			);
			sourceTree = "<group>";
		};
		8E25D6DD1AC100D9006AABB1 /* Products */ = {
			isa = PBXGroup;
			children = (
				8E25D6DC1AC100D9006AABB1 /* CheckItOut.app */,
				8E25D7001AC100DA006AABB1 /* CheckItOutTests.xctest */,
			);
			name = Products;
			sourceTree = "<group>";
		};
		8E25D6DE1AC100D9006AABB1 /* Frameworks */ = {
			isa = PBXGroup;
			children = (
				8E25D6DF1AC100D9006AABB1 /* Foundation.framework */,
				8E25D6E11AC100D9006AABB1 /* CoreGraphics.framework */,
				8E25D6E31AC100D9006AABB1 /* UIKit.framework */,
				8E25D7011AC100DA006AABB1 /* XCTest.framework */,
			);
			name = Frameworks;
			sourceTree = "<group>";
		};
		8E25D6E51AC100D9006AABB1 /* CheckItOut */ = {
			isa = PBXGroup;
			children = (
				8E25D6EE1AC100D9006AABB1 /* AppDelegate.h */,
				8E25D6EF1AC100D9006AABB1 /* AppDelegate.m */,
				8E25D6F11AC100DA006AABB1 /* Main_iPhone.storyboard */,
				8E25D6F41AC100DA006AABB1 /* Main_iPad.storyboard */,
				8E25D6F71AC100DA006AABB1 /* ViewController.h */,
				8E25D6F81AC100DA006AABB1 /* ViewController.m */,
				8E25D6FA1AC100DA006AABB1 /* Images.xcassets */,
				8E25D6E61AC100D9006AABB1 /* Supporting Files */,
			);
			path = CheckItOut;
			sourceTree = "<group>";
		};
		8E25D6E61AC100D9006AABB1 /* Supporting Files */ = {
			isa = PBXGroup;
			children = (
				8E25D6E71AC100D9006AABB1 /* CheckItOut-Info.plist */,
				8E25D6E81AC100D9006AABB1 /* InfoPlist.strings */,
				8E25D6EB1AC100D9006AABB1 /* main.m */,
				8E25D6ED1AC100D9006AABB1 /* CheckItOut-Prefix.pch */,
			);
			name = "Supporting Files";
			sourceTree = "<group>";
		};
		8E25D7071AC100DA006AABB1 /* CheckItOutTests */ = {
			isa = PBXGroup;
			children = (
				8E25D70D1AC100DA006AABB1 /* CheckItOutTests.m */,
				8E25D7081AC100DA006AABB1 /* Supporting Files */,
			);
			path = CheckItOutTests;
			sourceTree = "<group>";
		};
		8E25D7081AC100DA006AABB1 /* Supporting Files */ = {
			isa = PBXGroup;
			children = (
				8E25D7091AC100DA006AABB1 /* CheckItOutTests-Info.plist */,
				8E25D70A1AC100DA006AABB1 /* InfoPlist.strings */,
			);
			name = "Supporting Files";
			sourceTree = "<group>";
		};
/* End PBXGroup section */

/* Begin PBXNativeTarget section */
		8E25D6DB1AC100D9006AABB1 /* CheckItOut */ = {
			isa = PBXNativeTarget;
			buildConfigurationList = 8E25D7111AC100DA006AABB1 /* Build configuration list for PBXNativeTarget "CheckItOut" */;
			buildPhases = (
				8E25D6D81AC100D9006AABB1 /* Sources */,
				8E25D6D91AC100D9006AABB1 /* Frameworks */,
				8E25D6DA1AC100D9006AABB1 /* Resources */,
			);
			buildRules = (
			);
			dependencies = (
			);
			name = CheckItOut;
			productName = CheckItOut;
			productReference = 8E25D6DC1AC100D9006AABB1 /* CheckItOut.app */;
			productType = "com.apple.product-type.application";
		};
		8E25D6FF1AC100DA006AABB1 /* CheckItOutTests */ = {
			isa = PBXNativeTarget;
			buildConfigurationList = 8E25D7141AC100DA006AABB1 /* Build configuration list for PBXNativeTarget "CheckItOutTests" */;
			buildPhases = (
				8E25D6FC1AC100DA006AABB1 /* Sources */,
				8E25D6FD1AC100DA006AABB1 /* Frameworks */,
				8E25D6FE1AC100DA006AABB1 /* Resources */,
			);
			buildRules = (
			);
			dependencies = (
				8E25D7061AC100DA006AABB1 /* PBXTargetDependency */,
			);
			name = CheckItOutTests;
			productName = CheckItOutTests;
			productReference = 8E25D7001AC100DA006AABB1 /* CheckItOutTests.xctest */;
			productType = "com.apple.product-type.bundle.unit-test";
		};
/* End PBXNativeTarget section */

/* Begin PBXProject section */
		8E25D6D41AC100D9006AABB1 /* Project object */ = {
			isa = PBXProject;
			attributes = {
				LastUpgradeCheck = 0510;
				ORGANIZATIONNAME = "Assorted Intelligence";
				TargetAttributes = {
					8E25D6FF1AC100DA006AABB1 = {
						TestTargetID = 8E25D6DB1AC100D9006AABB1;
					};
				};
			};
			buildConfigurationList = 8E25D6D71AC100D9006AABB1 /* Build configuration list for PBXProject "CheckItOut" */;
			compatibilityVersion = "Xcode 3.2";
			developmentRegion = English;
			hasScannedForEncodings = 0;
			knownRegions = (
				en,
				Base,
			);
			mainGroup = 8E25D6D31AC100D9006AABB1;
			productRefGroup = 8E25D6DD1AC100D9006AABB1 /* Products */;
			projectDirPath = "";
			projectRoot = "";
			targets = (
				8E25D6DB1AC100D9006AABB1 /* CheckItOut */,
				8E25D6FF1AC100DA006AABB1 /* CheckItOutTests */,
			);
		};
/* End PBXProject section */

/* Begin PBXResourcesBuildPhase section */
		8E25D6DA1AC100D9006AABB1 /* Resources */ = {
			isa = PBXResourcesBuildPhase;
			buildActionMask = 2147483647;
			files = (
				8E25D6F61AC100DA006AABB1 /* Main_iPad.storyboard in Resources */,
				8E25D6FB1AC100DA006AABB1 /* Images.xcassets in Resources */,
				8E25D6F31AC100DA006AABB1 /* Main_iPhone.storyboard in Resources */,
				8E25D6EA1AC100D9006AABB1 /* InfoPlist.strings in Resources */,
			);
			runOnlyForDeploymentPostprocessing = 0;
		};
		8E25D6FE1AC100DA006AABB1 /* Resources */ = {
			isa = PBXResourcesBuildPhase;
			buildActionMask = 2147483647;
			files = (
				8E25D70C1AC100DA006AABB1 /* InfoPlist.strings in Resources */,
			);
			runOnlyForDeploymentPostprocessing = 0;
		};
/* End PBXResourcesBuildPhase section */

/* Begin PBXSourcesBuildPhase section */
		8E25D6D81AC100D9006AABB1 /* Sources */ = {
			isa = PBXSourcesBuildPhase;
			buildActionMask = 2147483647;
			files = (
				8E25D6F91AC100DA006AABB1 /* ViewController.m in Sources */,
				8E25D6F01AC100D9006AABB1 /* AppDelegate.m in Sources */,
				8E25D6EC1AC100D9006AABB1 /* main.m in Sources */,
			);
			runOnlyForDeploymentPostprocessing = 0;
		};
		8E25D6FC1AC100DA006AABB1 /* Sources */ = {
			isa = PBXSourcesBuildPhase;
			buildActionMask = 2147483647;
			files = (
				8E25D70E1AC100DA006AABB1 /* CheckItOutTests.m in Sources */,
			);
			runOnlyForDeploymentPostprocessing = 0;
		};
/* End PBXSourcesBuildPhase section */

/* Begin PBXTargetDependency section */
		8E25D7061AC100DA006AABB1 /* PBXTargetDependency */ = {
			isa = PBXTargetDependency;
			target = 8E25D6DB1AC100D9006AABB1 /* CheckItOut */;
			targetProxy = 8E25D7051AC100DA006AABB1 /* PBXContainerItemProxy */;
		};
/* End PBXTargetDependency section */

/* Begin PBXVariantGroup section */
		8E25D6E81AC100D9006AABB1 /* InfoPlist.strings */ = {
			isa = PBXVariantGroup;
			children = (
				8E25D6E91AC100D9006AABB1 /* en */,
			);
			name = InfoPlist.strings;
			sourceTree = "<group>";
		};
		8E25D6F11AC100DA006AABB1 /* Main_iPhone.storyboard */ = {
			isa = PBXVariantGroup;
			children = (
				8E25D6F21AC100DA006AABB1 /* Base */,
			);
			name = Main_iPhone.storyboard;
			sourceTree = "<group>";
		};
		8E25D6F41AC100DA006AABB1 /* Main_iPad.storyboard */ = {
			isa = PBXVariantGroup;
			children = (
				8E25D6F51AC100DA006AABB1 /* Base */,
			);
			name = Main_iPad.storyboard;
			sourceTree = "<group>";
		};
		8E25D70A1AC100DA006AABB1 /* InfoPlist.strings */ = {
			isa = PBXVariantGroup;
			children = (
				8E25D70B1AC100DA006AABB1 /* en */,
			);
			name = InfoPlist.strings;
			sourceTree = "<group>";
		};
/* End PBXVariantGroup section */

/* Begin XCBuildConfiguration section */
		8E25D70F1AC100DA006AABB1 /* Debug */ = {
			isa = XCBuildConfiguration;
			buildSettings = {
				ALWAYS_SEARCH_USER_PATHS = NO;
				CLANG_CXX_LANGUAGE_STANDARD = "gnu++0x";
				CLANG_CXX_LIBRARY = "libc++";
				CLANG_ENABLE_MODULES = YES;
				CLANG_ENABLE_OBJC_ARC = YES;
				CLANG_WARN_BOOL_CONVERSION = YES;
				CLANG_WARN_CONSTANT_CONVERSION = YES;
				CLANG_WARN_DIRECT_OBJC_ISA_USAGE = YES_ERROR;
				CLANG_WARN_EMPTY_BODY = YES;
				CLANG_WARN_ENUM_CONVERSION = YES;
				CLANG_WARN_INT_CONVERSION = YES;
				CLANG_WARN_OBJC_ROOT_CLASS = YES_ERROR;
				CLANG_WARN__DUPLICATE_METHOD_MATCH = YES;
				"CODE_SIGN_IDENTITY[sdk=iphoneos*]" = "iPhone Developer";
				COPY_PHASE_STRIP = NO;
				GCC_C_LANGUAGE_STANDARD = gnu99;
				GCC_DYNAMIC_NO_PIC = NO;
				GCC_OPTIMIZATION_LEVEL = 0;
				GCC_PREPROCESSOR_DEFINITIONS = (
					"DEBUG=1",
					"$(inherited)",
				);
				GCC_SYMBOLS_PRIVATE_EXTERN = NO;
				GCC_WARN_64_TO_32_BIT_CONVERSION = YES;
				GCC_WARN_ABOUT_RETURN_TYPE = YES_ERROR;
				GCC_WARN_UNDECLARED_SELECTOR = YES;
				GCC_WARN_UNINITIALIZED_AUTOS = YES_AGGRESSIVE;
				GCC_WARN_UNUSED_FUNCTION = YES;
				GCC_WARN_UNUSED_VARIABLE = YES;
				IPHONEOS_DEPLOYMENT_TARGET = 7.1;
				ONLY_ACTIVE_ARCH = YES;
				SDKROOT = iphoneos;
				TARGETED_DEVICE_FAMILY = "1,2";
			};
			name = Debug;
		};
		8E25D7101AC100DA006AABB1 /* Release */ = {
			isa = XCBuildConfiguration;
			buildSettings = {
				ALWAYS_SEARCH_USER_PATHS = NO;
				CLANG_CXX_LANGUAGE_STANDARD = "gnu++0x";
				CLANG_CXX_LIBRARY = "libc++";
				CLANG_ENABLE_MODULES = YES;
				CLANG_ENABLE_OBJC_ARC = YES;
				CLANG_WARN_BOOL_CONVERSION = YES;
				CLANG_WARN_CONSTANT_CONVERSION = YES;
				CLANG_WARN_DIRECT_OBJC_ISA_USAGE = YES_ERROR;
				CLANG_WARN_EMPTY_BODY = YES;
				CLANG_WARN_ENUM_CONVERSION = YES;
				CLANG_WARN_INT_CONVERSION = YES;
				CLANG_WARN_OBJC_ROOT_CLASS = YES_ERROR;
				CLANG_WARN__DUPLICATE_METHOD_MATCH = YES;
				"CODE_SIGN_IDENTITY[sdk=iphoneos*]" = "iPhone Developer";
				COPY_PHASE_STRIP = YES;
				ENABLE_NS_ASSERTIONS = NO;
				GCC_C_LANGUAGE_STANDARD = gnu99;
				GCC_WARN_64_TO_32_BIT_CONVERSION = YES;
				GCC_WARN_ABOUT_RETURN_TYPE = YES_ERROR;
				GCC_WARN_UNDECLARED_SELECTOR = YES;
				GCC_WARN_UNINITIALIZED_AUTOS = YES_AGGRESSIVE;
				GCC_WARN_UNUSED_FUNCTION = YES;
				GCC_WARN_UNUSED_VARIABLE = YES;
				IPHONEOS_DEPLOYMENT_TARGET = 7.1;
				SDKROOT = iphoneos;
				TARGETED_DEVICE_FAMILY = "1,2";
				VALIDATE_PRODUCT = YES;
			};
			name = Release;
		};
		8E25D7121AC100DA006AABB1 /* Debug */ = {
			isa = XCBuildConfiguration;
			buildSettings = {
				ASSETCATALOG_COMPILER_APPICON_NAME = AppIcon;
				ASSETCATALOG_COMPILER_LAUNCHIMAGE_NAME = LaunchImage;
				GCC_PRECOMPILE_PREFIX_HEADER = YES;
				GCC_PREFIX_HEADER = "CheckItOut/CheckItOut-Prefix.pch";
				INFOPLIST_FILE = "CheckItOut/CheckItOut-Info.plist";
				PRODUCT_NAME = "$(TARGET_NAME)";
				WRAPPER_EXTENSION = app;
			};
			name = Debug;
		};
		8E25D7131AC100DA006AABB1 /* Release */ = {
			isa = XCBuildConfiguration;
			buildSettings = {
				ASSETCATALOG_COMPILER_APPICON_NAME = AppIcon;
				ASSETCATALOG_COMPILER_LAUNCHIMAGE_NAME = LaunchImage;
				GCC_PRECOMPILE_PREFIX_HEADER = YES;
				GCC_PREFIX_HEADER = "CheckItOut/CheckItOut-Prefix.pch";
				INFOPLIST_FILE = "CheckItOut/CheckItOut-Info.plist";
				PRODUCT_NAME = "$(TARGET_NAME)";
				WRAPPER_EXTENSION = app;
			};
			name = Release;
		};
		8E25D7151AC100DA006AABB1 /* Debug */ = {
			isa = XCBuildConfiguration;
			buildSettings = {
				BUNDLE_LOADER = "$(BUILT_PRODUCTS_DIR)/CheckItOut.app/CheckItOut";
				FRAMEWORK_SEARCH_PATHS = (
					"$(SDKROOT)/Developer/Library/Frameworks",
					"$(inherited)",
					"$(DEVELOPER_FRAMEWORKS_DIR)",
				);
				GCC_PRECOMPILE_PREFIX_HEADER = YES;
				GCC_PREFIX_HEADER = "CheckItOut/CheckItOut-Prefix.pch";
				GCC_PREPROCESSOR_DEFINITIONS = (
					"DEBUG=1",
					"$(inherited)",
				);
				INFOPLIST_FILE = "CheckItOutTests/CheckItOutTests-Info.plist";
				PRODUCT_NAME = "$(TARGET_NAME)";
				TEST_HOST = "$(BUNDLE_LOADER)";
				WRAPPER_EXTENSION = xctest;
			};
			name = Debug;
		};
		8E25D7161AC100DA006AABB1 /* Release */ = {
			isa = XCBuildConfiguration;
			buildSettings = {
				BUNDLE_LOADER = "$(BUILT_PRODUCTS_DIR)/CheckItOut.app/CheckItOut";
				FRAMEWORK_SEARCH_PATHS = (
					"$(SDKROOT)/Developer/Library/Frameworks",
					"$(inherited)",
					"$(DEVELOPER_FRAMEWORKS_DIR)",
				);
				GCC_PRECOMPILE_PREFIX_HEADER = YES;
				GCC_PREFIX_HEADER = "CheckItOut/CheckItOut-Prefix.pch";
				INFOPLIST_FILE = "CheckItOutTests/CheckItOutTests-Info.plist";
				PRODUCT_NAME = "$(TARGET_NAME)";
				TEST_HOST = "$(BUNDLE_LOADER)";
				WRAPPER_EXTENSION = xctest;
			};
			name = Release;
		};
/* End XCBuildConfiguration section */

/* Begin XCConfigurationList section */
		8E25D6D71AC100D9006AABB1 /* Build configuration list for PBXProject "CheckItOut" */ = {
			isa = XCConfigurationList;
			buildConfigurations = (
				8E25D70F1AC100DA006AABB1 /* Debug */,
				8E25D7101AC100DA006AABB1 /* Release */,
			);
			defaultConfigurationIsVisible = 0;
			defaultConfigurationName = Release;
		};
		8E25D7111AC100DA006AABB1 /* Build configuration list for PBXNativeTarget "CheckItOut" */ = {
			isa = XCConfigurationList;
			buildConfigurations = (
				8E25D7121AC100DA006AABB1 /* Debug */,
				8E25D7131AC100DA006AABB1 /* Release */,
			);
			defaultConfigurationIsVisible = 0;
		};
		8E25D7141AC100DA006AABB1 /* Build configuration list for PBXNativeTarget "CheckItOutTests" */ = {
			isa = XCConfigurationList;
			buildConfigurations = (
				8E25D7151AC100DA006AABB1 /* Debug */,
				8E25D7161AC100DA006AABB1 /* Release */,
			);
			defaultConfigurationIsVisible = 0;
		};
/* End XCConfigurationList section */
	};
	rootObject = 8E25D6D41AC100D9006AABB1 /* Project object */;
}
